
Microsoft Visual Studio Solution File, Format Version 12.00
# Visual Studio Version 17
VisualStudioVersion = 17.5.33516.290
MinimumVisualStudioVersion = 10.0.40219.1
Project("{9A19103F-16F7-4668-BE54-9A1E7A4F7556}") = "EmployeeManagement", "EmployeeManagement.csproj", "{3CFDB56D-77D2-4207-B270-6DF8B1FCA4BC}"
EndProject
Project("{9A19103F-16F7-4668-BE54-9A1E7A4F7556}") = "CoreAutomation", "..\CoreAutomation\CoreAutomation.csproj", "{90AA8BB3-12DA-44C2-9694-E6FBAC6DD0C1}"
EndProject
Global
	GlobalSection(SolutionConfigurationPlatforms) = preSolution
		Debug|Any CPU = Debug|Any CPU
		Release|Any CPU = Release|Any CPU
	EndGlobalSection
	GlobalSection(ProjectConfigurationPlatforms) = postSolution
		{3CFDB56D-77D2-4207-B270-6DF8B1FCA4BC}.Debug|Any CPU.ActiveCfg = Debug|Any CPU
		{3CFDB56D-77D2-4207-B270-6DF8B1FCA4BC}.Debug|Any CPU.Build.0 = Debug|Any CPU
		{3CFDB56D-77D2-4207-B270-6DF8B1FCA4BC}.Release|Any CPU.ActiveCfg = Release|Any CPU
		{3CFDB56D-77D2-4207-B270-6DF8B1FCA4BC}.Release|Any CPU.Build.0 = Release|Any CPU
		{90AA8BB3-12DA-44C2-9694-E6FBAC6DD0C1}.Debug|Any CPU.ActiveCfg = Debug|Any CPU
		{90AA8BB3-12DA-44C2-9694-E6FBAC6DD0C1}.Debug|Any CPU.Build.0 = Debug|Any CPU
		{90AA8BB3-12DA-44C2-9694-E6FBAC6DD0C1}.Release|Any CPU.ActiveCfg = Release|Any CPU
		{90AA8BB3-12DA-44C2-9694-E6FBAC6DD0C1}.Release|Any CPU.Build.0 = Release|Any CPU
	EndGlobalSection
	GlobalSection(SolutionProperties) = preSolution
		HideSolutionNode = FALSE
	EndGlobalSection
	GlobalSection(ExtensibilityGlobals) = postSolution
		SolutionGuid = {17993E1C-DCD7-46AA-A58E-326523564F6D}
	EndGlobalSection
EndGlobal
